
Microsoft Visual Studio Solution File, Format Version 12.00
# Visual Studio Version 17
VisualStudioVersion = 17.13.35825.156 d17.13
MinimumVisualStudioVersion = 10.0.40219.1
Project("{FAE04EC0-301F-11D3-BF4B-00C04F79EFBC}") = "HeroManagerAPI", "HeroManagerAPI.csproj", "{E597B41E-C15F-4AE8-BEEB-B1108962B4B6}"
EndProject
Global
	GlobalSection(SolutionConfigurationPlatforms) = preSolution
		Debug|Any CPU = Debug|Any CPU
		Release|Any CPU = Release|Any CPU
	EndGlobalSection
	GlobalSection(ProjectConfigurationPlatforms) = postSolution
		{E597B41E-C15F-4AE8-BEEB-B1108962B4B6}.Debug|Any CPU.ActiveCfg = Debug|Any CPU
		{E597B41E-C15F-4AE8-BEEB-B1108962B4B6}.Debug|Any CPU.Build.0 = Debug|Any CPU
		{E597B41E-C15F-4AE8-BEEB-B1108962B4B6}.Release|Any CPU.ActiveCfg = Release|Any CPU
		{E597B41E-C15F-4AE8-BEEB-B1108962B4B6}.Release|Any CPU.Build.0 = Release|Any CPU
	EndGlobalSection
	GlobalSection(SolutionProperties) = preSolution
		HideSolutionNode = FALSE
	EndGlobalSection
	GlobalSection(ExtensibilityGlobals) = postSolution
		SolutionGuid = {F7C3BBE3-8E48-4140-BA93-6E7EA40F610C}
	EndGlobalSection
EndGlobal
